// !$*UTF8*$!
{
	archiveVersion = 1;
	classes = {
	};
	objectVersion = 46;
	objects = {

/* Begin PBXBuildFile section */
		1BF759BA1AC52CBD00C783F5 /* main.m in Sources */ = {isa = PBXBuildFile; fileRef = 1BF759B91AC52CBD00C783F5 /* main.m */; };
		1BF759BD1AC52CBD00C783F5 /* AppDelegate.m in Sources */ = {isa = PBXBuildFile; fileRef = 1BF759BC1AC52CBD00C783F5 /* AppDelegate.m */; };
		1BF759C01AC52CBD00C783F5 /* ViewController.m in Sources */ = {isa = PBXBuildFile; fileRef = 1BF759BF1AC52CBD00C783F5 /* ViewController.m */; };
		1BF759C31AC52CBD00C783F5 /* Main.storyboard in Resources */ = {isa = PBXBuildFile; fileRef = 1BF759C11AC52CBD00C783F5 /* Main.storyboard */; };
		1BF759C51AC52CBD00C783F5 /* Images.xcassets in Resources */ = {isa = PBXBuildFile; fileRef = 1BF759C41AC52CBD00C783F5 /* Images.xcassets */; };
		1BF759C81AC52CBD00C783F5 /* LaunchScreen.xib in Resources */ = {isa = PBXBuildFile; fileRef = 1BF759C61AC52CBD00C783F5 /* LaunchScreen.xib */; };
		1BF759D41AC52CBE00C783F5 /* SampleTreeTests.m in Sources */ = {isa = PBXBuildFile; fileRef = 1BF759D31AC52CBE00C783F5 /* SampleTreeTests.m */; };
/* End PBXBuildFile section */

/* Begin PBXContainerItemProxy section */
		1BF759CE1AC52CBE00C783F5 /* PBXContainerItemProxy */ = {
			isa = PBXContainerItemProxy;
			containerPortal = 1BF759AC1AC52CBD00C783F5 /* Project object */;
			proxyType = 1;
			remoteGlobalIDString = 1BF759B31AC52CBD00C783F5;
			remoteInfo = SampleTree;
		};
/* End PBXContainerItemProxy section */

/* Begin PBXFileReference section */
		1BF759B41AC52CBD00C783F5 /* SampleTree.app */ = {isa = PBXFileReference; explicitFileType = wrapper.application; includeInIndex = 0; path = SampleTree.app; sourceTree = BUILT_PRODUCTS_DIR; };
		1BF759B81AC52CBD00C783F5 /* Info.plist */ = {isa = PBXFileReference; lastKnownFileType = text.plist.xml; path = Info.plist; sourceTree = "<group>"; };
		1BF759B91AC52CBD00C783F5 /* main.m */ = {isa = PBXFileReference; lastKnownFileType = sourcecode.c.objc; path = main.m; sourceTree = "<group>"; };
		1BF759BB1AC52CBD00C783F5 /* AppDelegate.h */ = {isa = PBXFileReference; lastKnownFileType = sourcecode.c.h; path = AppDelegate.h; sourceTree = "<group>"; };
		1BF759BC1AC52CBD00C783F5 /* AppDelegate.m */ = {isa = PBXFileReference; lastKnownFileType = sourcecode.c.objc; path = AppDelegate.m; sourceTree = "<group>"; };
		1BF759BE1AC52CBD00C783F5 /* ViewController.h */ = {isa = PBXFileReference; lastKnownFileType = sourcecode.c.h; path = ViewController.h; sourceTree = "<group>"; };
		1BF759BF1AC52CBD00C783F5 /* ViewController.m */ = {isa = PBXFileReference; lastKnownFileType = sourcecode.c.objc; path = ViewController.m; sourceTree = "<group>"; };
		1BF759C21AC52CBD00C783F5 /* Base */ = {isa = PBXFileReference; lastKnownFileType = file.storyboard; name = Base; path = Base.lproj/Main.storyboard; sourceTree = "<group>"; };
		1BF759C41AC52CBD00C783F5 /* Images.xcassets */ = {isa = PBXFileReference; lastKnownFileType = folder.assetcatalog; path = Images.xcassets; sourceTree = "<group>"; };
		1BF759C71AC52CBD00C783F5 /* Base */ = {isa = PBXFileReference; lastKnownFileType = file.xib; name = Base; path = Base.lproj/LaunchScreen.xib; sourceTree = "<group>"; };
		1BF759CD1AC52CBE00C783F5 /* SampleTreeTests.xctest */ = {isa = PBXFileReference; explicitFileType = wrapper.cfbundle; includeInIndex = 0; path = SampleTreeTests.xctest; sourceTree = BUILT_PRODUCTS_DIR; };
		1BF759D21AC52CBE00C783F5 /* Info.plist */ = {isa = PBXFileReference; lastKnownFileType = text.plist.xml; path = Info.plist; sourceTree = "<group>"; };
		1BF759D31AC52CBE00C783F5 /* SampleTreeTests.m */ = {isa = PBXFileReference; lastKnownFileType = sourcecode.c.objc; path = SampleTreeTests.m; sourceTree = "<group>"; };
/* End PBXFileReference section */

/* Begin PBXFrameworksBuildPhase section */
		1BF759B11AC52CBD00C783F5 /* Frameworks */ = {
			isa = PBXFrameworksBuildPhase;
			buildActionMask = 2147483647;
			files = (
			);
			runOnlyForDeploymentPostprocessing = 0;
		};
		1BF759CA1AC52CBE00C783F5 /* Frameworks */ = {
			isa = PBXFrameworksBuildPhase;
			buildActionMask = 2147483647;
			files = (
			);
			runOnlyForDeploymentPostprocessing = 0;
		};
/* End PBXFrameworksBuildPhase section */

/* Begin PBXGroup section */
		1BF759AB1AC52CBD00C783F5 = {
			isa = PBXGroup;
			children = (
				1BF759B61AC52CBD00C783F5 /* SampleTree */,
				1BF759D01AC52CBE00C783F5 /* SampleTreeTests */,
				1BF759B51AC52CBD00C783F5 /* Products */,
			);
			sourceTree = "<group>";
		};
		1BF759B51AC52CBD00C783F5 /* Products */ = {
			isa = PBXGroup;
			children = (
				1BF759B41AC52CBD00C783F5 /* SampleTree.app */,
				1BF759CD1AC52CBE00C783F5 /* SampleTreeTests.xctest */,
			);
			name = Products;
			sourceTree = "<group>";
		};
		1BF759B61AC52CBD00C783F5 /* SampleTree */ = {
			isa = PBXGroup;
			children = (
				1BF759BB1AC52CBD00C783F5 /* AppDelegate.h */,
				1BF759BC1AC52CBD00C783F5 /* AppDelegate.m */,
				1BF759BE1AC52CBD00C783F5 /* ViewController.h */,
				1BF759BF1AC52CBD00C783F5 /* ViewController.m */,
				1BF759C11AC52CBD00C783F5 /* Main.storyboard */,
				1BF759C41AC52CBD00C783F5 /* Images.xcassets */,
				1BF759C61AC52CBD00C783F5 /* LaunchScreen.xib */,
				1BF759B71AC52CBD00C783F5 /* Supporting Files */,
			);
			path = SampleTree;
			sourceTree = "<group>";
		};
		1BF759B71AC52CBD00C783F5 /* Supporting Files */ = {
			isa = PBXGroup;
			children = (
				1BF759B81AC52CBD00C783F5 /* Info.plist */,
				1BF759B91AC52CBD00C783F5 /* main.m */,
			);
			name = "Supporting Files";
			sourceTree = "<group>";
		};
		1BF759D01AC52CBE00C783F5 /* SampleTreeTests */ = {
			isa = PBXGroup;
			children = (
				1BF759D31AC52CBE00C783F5 /* SampleTreeTests.m */,
				1BF759D11AC52CBE00C783F5 /* Supporting Files */,
			);
			path = SampleTreeTests;
			sourceTree = "<group>";
		};
		1BF759D11AC52CBE00C783F5 /* Supporting Files */ = {
			isa = PBXGroup;
			children = (
				1BF759D21AC52CBE00C783F5 /* Info.plist */,
			);
			name = "Supporting Files";
			sourceTree = "<group>";
		};
/* End PBXGroup section */

/* Begin PBXNativeTarget section */
		1BF759B31AC52CBD00C783F5 /* SampleTree */ = {
			isa = PBXNativeTarget;
			buildConfigurationList = 1BF759D71AC52CBE00C783F5 /* Build configuration list for PBXNativeTarget "SampleTree" */;
			buildPhases = (
				1BF759B01AC52CBD00C783F5 /* Sources */,
				1BF759B11AC52CBD00C783F5 /* Frameworks */,
				1BF759B21AC52CBD00C783F5 /* Resources */,
			);
			buildRules = (
			);
			dependencies = (
			);
			name = SampleTree;
			productName = SampleTree;
			productReference = 1BF759B41AC52CBD00C783F5 /* SampleTree.app */;
			productType = "com.apple.product-type.application";
		};
		1BF759CC1AC52CBE00C783F5 /* SampleTreeTests */ = {
			isa = PBXNativeTarget;
			buildConfigurationList = 1BF759DA1AC52CBE00C783F5 /* Build configuration list for PBXNativeTarget "SampleTreeTests" */;
			buildPhases = (
				1BF759C91AC52CBE00C783F5 /* Sources */,
				1BF759CA1AC52CBE00C783F5 /* Frameworks */,
				1BF759CB1AC52CBE00C783F5 /* Resources */,
			);
			buildRules = (
			);
			dependencies = (
				1BF759CF1AC52CBE00C783F5 /* PBXTargetDependency */,
			);
			name = SampleTreeTests;
			productName = SampleTreeTests;
			productReference = 1BF759CD1AC52CBE00C783F5 /* SampleTreeTests.xctest */;
			productType = "com.apple.product-type.bundle.unit-test";
		};
/* End PBXNativeTarget section */

/* Begin PBXProject section */
		1BF759AC1AC52CBD00C783F5 /* Project object */ = {
			isa = PBXProject;
			attributes = {
				LastUpgradeCheck = 0620;
				ORGANIZATIONNAME = "Eriko Ichinohe";
				TargetAttributes = {
					1BF759B31AC52CBD00C783F5 = {
						CreatedOnToolsVersion = 6.2;
					};
					1BF759CC1AC52CBE00C783F5 = {
						CreatedOnToolsVersion = 6.2;
						TestTargetID = 1BF759B31AC52CBD00C783F5;
					};
				};
			};
			buildConfigurationList = 1BF759AF1AC52CBD00C783F5 /* Build configuration list for PBXProject "SampleTree" */;
			compatibilityVersion = "Xcode 3.2";
			developmentRegion = English;
			hasScannedForEncodings = 0;
			knownRegions = (
				en,
				Base,
			);
			mainGroup = 1BF759AB1AC52CBD00C783F5;
			productRefGroup = 1BF759B51AC52CBD00C783F5 /* Products */;
			projectDirPath = "";
			projectRoot = "";
			targets = (
				1BF759B31AC52CBD00C783F5 /* SampleTree */,
				1BF759CC1AC52CBE00C783F5 /* SampleTreeTests */,
			);
		};
/* End PBXProject section */

/* Begin PBXResourcesBuildPhase section */
		1BF759B21AC52CBD00C783F5 /* Resources */ = {
			isa = PBXResourcesBuildPhase;
			buildActionMask = 2147483647;
			files = (
				1BF759C31AC52CBD00C783F5 /* Main.storyboard in Resources */,
				1BF759C81AC52CBD00C783F5 /* LaunchScreen.xib in Resources */,
				1BF759C51AC52CBD00C783F5 /* Images.xcassets in Resources */,
			);
			runOnlyForDeploymentPostprocessing = 0;
		};
		1BF759CB1AC52CBE00C783F5 /* Resources */ = {
			isa = PBXResourcesBuildPhase;
			buildActionMask = 2147483647;
			files = (
			);
			runOnlyForDeploymentPostprocessing = 0;
		};
/* End PBXResourcesBuildPhase section */

/* Begin PBXSourcesBuildPhase section */
		1BF759B01AC52CBD00C783F5 /* Sources */ = {
			isa = PBXSourcesBuildPhase;
			buildActionMask = 2147483647;
			files = (
				1BF759C01AC52CBD00C783F5 /* ViewController.m in Sources */,
				1BF759BD1AC52CBD00C783F5 /* AppDelegate.m in Sources */,
				1BF759BA1AC52CBD00C783F5 /* main.m in Sources */,
			);
			runOnlyForDeploymentPostprocessing = 0;
		};
		1BF759C91AC52CBE00C783F5 /* Sources */ = {
			isa = PBXSourcesBuildPhase;
			buildActionMask = 2147483647;
			files = (
				1BF759D41AC52CBE00C783F5 /* SampleTreeTests.m in Sources */,
			);
			runOnlyForDeploymentPostprocessing = 0;
		};
/* End PBXSourcesBuildPhase section */

/* Begin PBXTargetDependency section */
		1BF759CF1AC52CBE00C783F5 /* PBXTargetDependency */ = {
			isa = PBXTargetDependency;
			target = 1BF759B31AC52CBD00C783F5 /* SampleTree */;
			targetProxy = 1BF759CE1AC52CBE00C783F5 /* PBXContainerItemProxy */;
		};
/* End PBXTargetDependency section */

/* Begin PBXVariantGroup section */
		1BF759C11AC52CBD00C783F5 /* Main.storyboard */ = {
			isa = PBXVariantGroup;
			children = (
				1BF759C21AC52CBD00C783F5 /* Base */,
			);
			name = Main.storyboard;
			sourceTree = "<group>";
		};
		1BF759C61AC52CBD00C783F5 /* LaunchScreen.xib */ = {
			isa = PBXVariantGroup;
			children = (
				1BF759C71AC52CBD00C783F5 /* Base */,
			);
			name = LaunchScreen.xib;
			sourceTree = "<group>";
		};
/* End PBXVariantGroup section */

/* Begin XCBuildConfiguration section */
		1BF759D51AC52CBE00C783F5 /* Debug */ = {
			isa = XCBuildConfiguration;
			buildSettings = {
				ALWAYS_SEARCH_USER_PATHS = NO;
				CLANG_CXX_LANGUAGE_STANDARD = "gnu++0x";
				CLANG_CXX_LIBRARY = "libc++";
				CLANG_ENABLE_MODULES = YES;
				CLANG_ENABLE_OBJC_ARC = YES;
				CLANG_WARN_BOOL_CONVERSION = YES;
				CLANG_WARN_CONSTANT_CONVERSION = YES;
				CLANG_WARN_DIRECT_OBJC_ISA_USAGE = YES_ERROR;
				CLANG_WARN_EMPTY_BODY = YES;
				CLANG_WARN_ENUM_CONVERSION = YES;
				CLANG_WARN_INT_CONVERSION = YES;
				CLANG_WARN_OBJC_ROOT_CLASS = YES_ERROR;
				CLANG_WARN_UNREACHABLE_CODE = YES;
				CLANG_WARN__DUPLICATE_METHOD_MATCH = YES;
				"CODE_SIGN_IDENTITY[sdk=iphoneos*]" = "iPhone Developer";
				COPY_PHASE_STRIP = NO;
				ENABLE_STRICT_OBJC_MSGSEND = YES;
				GCC_C_LANGUAGE_STANDARD = gnu99;
				GCC_DYNAMIC_NO_PIC = NO;
				GCC_OPTIMIZATION_LEVEL = 0;
				GCC_PREPROCESSOR_DEFINITIONS = (
					"DEBUG=1",
					"$(inherited)",
				);
				GCC_SYMBOLS_PRIVATE_EXTERN = NO;
				GCC_WARN_64_TO_32_BIT_CONVERSION = YES;
				GCC_WARN_ABOUT_RETURN_TYPE = YES_ERROR;
				GCC_WARN_UNDECLARED_SELECTOR = YES;
				GCC_WARN_UNINITIALIZED_AUTOS = YES_AGGRESSIVE;
				GCC_WARN_UNUSED_FUNCTION = YES;
				GCC_WARN_UNUSED_VARIABLE = YES;
				IPHONEOS_DEPLOYMENT_TARGET = 8.2;
				MTL_ENABLE_DEBUG_INFO = YES;
				ONLY_ACTIVE_ARCH = YES;
				SDKROOT = iphoneos;
			};
			name = Debug;
		};
		1BF759D61AC52CBE00C783F5 /* Release */ = {
			isa = XCBuildConfiguration;
			buildSettings = {
				ALWAYS_SEARCH_USER_PATHS = NO;
				CLANG_CXX_LANGUAGE_STANDARD = "gnu++0x";
				CLANG_CXX_LIBRARY = "libc++";
				CLANG_ENABLE_MODULES = YES;
				CLANG_ENABLE_OBJC_ARC = YES;
				CLANG_WARN_BOOL_CONVERSION = YES;
				CLANG_WARN_CONSTANT_CONVERSION = YES;
				CLANG_WARN_DIRECT_OBJC_ISA_USAGE = YES_ERROR;
				CLANG_WARN_EMPTY_BODY = YES;
				CLANG_WARN_ENUM_CONVERSION = YES;
				CLANG_WARN_INT_CONVERSION = YES;
				CLANG_WARN_OBJC_ROOT_CLASS = YES_ERROR;
				CLANG_WARN_UNREACHABLE_CODE = YES;
				CLANG_WARN__DUPLICATE_METHOD_MATCH = YES;
				"CODE_SIGN_IDENTITY[sdk=iphoneos*]" = "iPhone Developer";
				COPY_PHASE_STRIP = NO;
				ENABLE_NS_ASSERTIONS = NO;
				ENABLE_STRICT_OBJC_MSGSEND = YES;
				GCC_C_LANGUAGE_STANDARD = gnu99;
				GCC_WARN_64_TO_32_BIT_CONVERSION = YES;
				GCC_WARN_ABOUT_RETURN_TYPE = YES_ERROR;
				GCC_WARN_UNDECLARED_SELECTOR = YES;
				GCC_WARN_UNINITIALIZED_AUTOS = YES_AGGRESSIVE;
				GCC_WARN_UNUSED_FUNCTION = YES;
				GCC_WARN_UNUSED_VARIABLE = YES;
				IPHONEOS_DEPLOYMENT_TARGET = 8.2;
				MTL_ENABLE_DEBUG_INFO = NO;
				SDKROOT = iphoneos;
				VALIDATE_PRODUCT = YES;
			};
			name = Release;
		};
		1BF759D81AC52CBE00C783F5 /* Debug */ = {
			isa = XCBuildConfiguration;
			buildSettings = {
				ASSETCATALOG_COMPILER_APPICON_NAME = AppIcon;
				INFOPLIST_FILE = SampleTree/Info.plist;
				LD_RUNPATH_SEARCH_PATHS = "$(inherited) @executable_path/Frameworks";
				PRODUCT_NAME = "$(TARGET_NAME)";
			};
			name = Debug;
		};
		1BF759D91AC52CBE00C783F5 /* Release */ = {
			isa = XCBuildConfiguration;
			buildSettings = {
				ASSETCATALOG_COMPILER_APPICON_NAME = AppIcon;
				INFOPLIST_FILE = SampleTree/Info.plist;
				LD_RUNPATH_SEARCH_PATHS = "$(inherited) @executable_path/Frameworks";
				PRODUCT_NAME = "$(TARGET_NAME)";
			};
			name = Release;
		};
		1BF759DB1AC52CBE00C783F5 /* Debug */ = {
			isa = XCBuildConfiguration;
			buildSettings = {
				BUNDLE_LOADER = "$(TEST_HOST)";
				FRAMEWORK_SEARCH_PATHS = (
					"$(SDKROOT)/Developer/Library/Frameworks",
					"$(inherited)",
				);
				GCC_PREPROCESSOR_DEFINITIONS = (
					"DEBUG=1",
					"$(inherited)",
				);
				INFOPLIST_FILE = SampleTreeTests/Info.plist;
				LD_RUNPATH_SEARCH_PATHS = "$(inherited) @executable_path/Frameworks @loader_path/Frameworks";
				PRODUCT_NAME = "$(TARGET_NAME)";
				TEST_HOST = "$(BUILT_PRODUCTS_DIR)/SampleTree.app/SampleTree";
			};
			name = Debug;
		};
		1BF759DC1AC52CBE00C783F5 /* Release */ = {
			isa = XCBuildConfiguration;
			buildSettings = {
				BUNDLE_LOADER = "$(TEST_HOST)";
				FRAMEWORK_SEARCH_PATHS = (
					"$(SDKROOT)/Developer/Library/Frameworks",
					"$(inherited)",
				);
				INFOPLIST_FILE = SampleTreeTests/Info.plist;
				LD_RUNPATH_SEARCH_PATHS = "$(inherited) @executable_path/Frameworks @loader_path/Frameworks";
				PRODUCT_NAME = "$(TARGET_NAME)";
				TEST_HOST = "$(BUILT_PRODUCTS_DIR)/SampleTree.app/SampleTree";
			};
			name = Release;
		};
/* End XCBuildConfiguration section */

/* Begin XCConfigurationList section */
		1BF759AF1AC52CBD00C783F5 /* Build configuration list for PBXProject "SampleTree" */ = {
			isa = XCConfigurationList;
			buildConfigurations = (
				1BF759D51AC52CBE00C783F5 /* Debug */,
				1BF759D61AC52CBE00C783F5 /* Release */,
			);
			defaultConfigurationIsVisible = 0;
			defaultConfigurationName = Release;
		};
		1BF759D71AC52CBE00C783F5 /* Build configuration list for PBXNativeTarget "SampleTree" */ = {
			isa = XCConfigurationList;
			buildConfigurations = (
				1BF759D81AC52CBE00C783F5 /* Debug */,
				1BF759D91AC52CBE00C783F5 /* Release */,
			);
			defaultConfigurationIsVisible = 0;
		};
		1BF759DA1AC52CBE00C783F5 /* Build configuration list for PBXNativeTarget "SampleTreeTests" */ = {
			isa = XCConfigurationList;
			buildConfigurations = (
				1BF759DB1AC52CBE00C783F5 /* Debug */,
				1BF759DC1AC52CBE00C783F5 /* Release */,
			);
			defaultConfigurationIsVisible = 0;
		};
/* End XCConfigurationList section */
	};
	rootObject = 1BF759AC1AC52CBD00C783F5 /* Project object */;
}
